
Microsoft Visual Studio Solution File, Format Version 12.00
# Visual Studio Version 17
VisualStudioVersion = 17.2.32602.215
MinimumVisualStudioVersion = 10.0.40219.1
Project("{FAE04EC0-301F-11D3-BF4B-00C04F79EFBC}") = "WebApplication18", "WebApplication18\WebApplication18.csproj", "{5A6AEA6D-3D4B-49AF-AB15-288877F0E660}"
EndProject
Global
	GlobalSection(SolutionConfigurationPlatforms) = preSolution
		Debug|Any CPU = Debug|Any CPU
		Release|Any CPU = Release|Any CPU
	EndGlobalSection
	GlobalSection(ProjectConfigurationPlatforms) = postSolution
		{5A6AEA6D-3D4B-49AF-AB15-288877F0E660}.Debug|Any CPU.ActiveCfg = Debug|Any CPU
		{5A6AEA6D-3D4B-49AF-AB15-288877F0E660}.Debug|Any CPU.Build.0 = Debug|Any CPU
		{5A6AEA6D-3D4B-49AF-AB15-288877F0E660}.Release|Any CPU.ActiveCfg = Release|Any CPU
		{5A6AEA6D-3D4B-49AF-AB15-288877F0E660}.Release|Any CPU.Build.0 = Release|Any CPU
	EndGlobalSection
	GlobalSection(SolutionProperties) = preSolution
		HideSolutionNode = FALSE
	EndGlobalSection
	GlobalSection(ExtensibilityGlobals) = postSolution
		SolutionGuid = {4154356E-2BAA-4202-8EE0-9B1379E4C20C}
	EndGlobalSection
EndGlobal
